
Microsoft Visual Studio Solution File, Format Version 12.00
# Visual Studio Version 16
VisualStudioVersion = 16.0.30413.136
MinimumVisualStudioVersion = 10.0.40219.1
Project("{2150E333-8FDC-42A3-9474-1A3956D46DE8}") = "Packages", "Packages", "{21A16CB6-DE79-4A79-93F0-FF2BE42030ED}"
EndProject
Project("{9A19103F-16F7-4668-BE54-9A1E7A4F7556}") = "CrossCutting.NServiceBus", "NServiceBus\CrossCutting.NServiceBus.csproj", "{8E67C2F1-7A5D-42AB-BEF1-3D35E43AA709}"
EndProject
Project("{9A19103F-16F7-4668-BE54-9A1E7A4F7556}") = "MessageBase", "CrossCutting\MessageBase\MessageBase.csproj", "{503D6734-A96B-490A-BA4D-2D0A3C1D6CF2}"
EndProject
Project("{9A19103F-16F7-4668-BE54-9A1E7A4F7556}") = "DomainBase", "CrossCutting\DomainBase\Domain\DomainBase.csproj", "{E657489A-5B39-405A-B446-049134466E8F}"
EndProject
Project("{9A19103F-16F7-4668-BE54-9A1E7A4F7556}") = "DomainBase.Tests", "CrossCutting\DomainBase\Domain.Tests\DomainBase.Tests.csproj", "{D7070A2D-6E10-49AB-9CCE-F020573BC576}"
EndProject
Project("{2150E333-8FDC-42A3-9474-1A3956D46DE8}") = "Bus", "Bus", "{70DC5975-CB14-4A13-AA81-D5F78DB5C43A}"
EndProject
Project("{2150E333-8FDC-42A3-9474-1A3956D46DE8}") = "Domain", "Domain", "{3FD1C091-53E9-4B68-B7F8-AC1A6978FCBA}"
EndProject
Project("{2150E333-8FDC-42A3-9474-1A3956D46DE8}") = "Messages", "Messages", "{CB55413A-91F5-4FD3-9E54-1EF510CECB57}"
EndProject
Project("{2150E333-8FDC-42A3-9474-1A3956D46DE8}") = "Contact", "Contact", "{FF89C0E7-07D2-45B8-B080-0F279A4BCC4A}"
EndProject
Project("{9A19103F-16F7-4668-BE54-9A1E7A4F7556}") = "Contact.Domain", "Contact.Domain\Contact.Domain.csproj", "{516B9801-1760-4BCC-BB9F-62B9B6C9B944}"
EndProject
Project("{9A19103F-16F7-4668-BE54-9A1E7A4F7556}") = "Contact.Domain.Tests", "Contact.Domain.Test\Contact.Domain.Tests.csproj", "{2231AFB0-BE69-49B4-9658-35E89EFCC43E}"
EndProject
Project("{2150E333-8FDC-42A3-9474-1A3956D46DE8}") = "Shop", "Shop", "{F83AB5FC-62B2-45CD-95C5-A9A462121071}"
EndProject
Project("{2150E333-8FDC-42A3-9474-1A3956D46DE8}") = "MicroServices", "MicroServices", "{5DFB2E10-62B2-4295-8FAE-C62D7808B1F3}"
EndProject
Project("{2150E333-8FDC-42A3-9474-1A3956D46DE8}") = "_GatewayApi", "_GatewayApi", "{C9F2152A-37F9-487F-B397-3E4F193E6BF9}"
EndProject
Project("{9A19103F-16F7-4668-BE54-9A1E7A4F7556}") = "Contact.Messages", "Contact.Messages\Contact.Messages.csproj", "{A238881C-A93B-4A75-9C56-610CB6E0193D}"
EndProject
Project("{9A19103F-16F7-4668-BE54-9A1E7A4F7556}") = "Contact.Service", "Contact.Service\Contact.Service.csproj", "{1A53AAB1-4C09-45DC-BFDF-C37CE820E2AE}"
EndProject
Project("{9A19103F-16F7-4668-BE54-9A1E7A4F7556}") = "Contact.Service.Tests", "Contact.Service.Tests\Contact.Service.Tests.csproj", "{83A711DD-00DE-49A0-B082-5606D0F18401}"
EndProject
Project("{9A19103F-16F7-4668-BE54-9A1E7A4F7556}") = "Contact.Projection.API", "Contact.Projection.API\Contact.Projection.API.csproj", "{0DDF3758-AE81-4AE2-93D1-1FD095C4EBA6}"
EndProject
Project("{9A19103F-16F7-4668-BE54-9A1E7A4F7556}") = "Contact.Projection", "Contact.Projection\Contact.Projection.csproj", "{FF89019E-B4EF-4D52-9823-DD6AAC763F57}"
EndProject
Project("{9A19103F-16F7-4668-BE54-9A1E7A4F7556}") = "Platform.GatewayAPI", "Platform.GatewayAPI\Platform.GatewayAPI.csproj", "{44D37750-975E-48B7-BE3F-2A6D77727672}"
EndProject
Project("{9A19103F-16F7-4668-BE54-9A1E7A4F7556}") = "Platform.GraphQL", "Platform\Platform.GraphQL.csproj", "{74B265CF-D2C8-4BB9-9A86-C36961D67088}"
EndProject
Project("{2150E333-8FDC-42A3-9474-1A3956D46DE8}") = "ReadModel", "ReadModel", "{0B1A502C-1762-4A66-B294-47C72C2FB4CF}"
EndProject
Project("{2150E333-8FDC-42A3-9474-1A3956D46DE8}") = "Domain", "Domain", "{CFC3495E-E24A-4BD8-9828-F5BC0B6D3453}"
EndProject
Global
	GlobalSection(SolutionConfigurationPlatforms) = preSolution
		Debug|Any CPU = Debug|Any CPU
		Release|Any CPU = Release|Any CPU
	EndGlobalSection
	GlobalSection(ProjectConfigurationPlatforms) = postSolution
		{8E67C2F1-7A5D-42AB-BEF1-3D35E43AA709}.Debug|Any CPU.ActiveCfg = Debug|Any CPU
		{8E67C2F1-7A5D-42AB-BEF1-3D35E43AA709}.Debug|Any CPU.Build.0 = Debug|Any CPU
		{8E67C2F1-7A5D-42AB-BEF1-3D35E43AA709}.Release|Any CPU.ActiveCfg = Release|Any CPU
		{8E67C2F1-7A5D-42AB-BEF1-3D35E43AA709}.Release|Any CPU.Build.0 = Release|Any CPU
		{503D6734-A96B-490A-BA4D-2D0A3C1D6CF2}.Debug|Any CPU.ActiveCfg = Debug|Any CPU
		{503D6734-A96B-490A-BA4D-2D0A3C1D6CF2}.Debug|Any CPU.Build.0 = Debug|Any CPU
		{503D6734-A96B-490A-BA4D-2D0A3C1D6CF2}.Release|Any CPU.ActiveCfg = Release|Any CPU
		{503D6734-A96B-490A-BA4D-2D0A3C1D6CF2}.Release|Any CPU.Build.0 = Release|Any CPU
		{E657489A-5B39-405A-B446-049134466E8F}.Debug|Any CPU.ActiveCfg = Debug|Any CPU
		{E657489A-5B39-405A-B446-049134466E8F}.Debug|Any CPU.Build.0 = Debug|Any CPU
		{E657489A-5B39-405A-B446-049134466E8F}.Release|Any CPU.ActiveCfg = Release|Any CPU
		{E657489A-5B39-405A-B446-049134466E8F}.Release|Any CPU.Build.0 = Release|Any CPU
		{D7070A2D-6E10-49AB-9CCE-F020573BC576}.Debug|Any CPU.ActiveCfg = Debug|Any CPU
		{D7070A2D-6E10-49AB-9CCE-F020573BC576}.Debug|Any CPU.Build.0 = Debug|Any CPU
		{D7070A2D-6E10-49AB-9CCE-F020573BC576}.Release|Any CPU.ActiveCfg = Release|Any CPU
		{D7070A2D-6E10-49AB-9CCE-F020573BC576}.Release|Any CPU.Build.0 = Release|Any CPU
		{516B9801-1760-4BCC-BB9F-62B9B6C9B944}.Debug|Any CPU.ActiveCfg = Debug|Any CPU
		{516B9801-1760-4BCC-BB9F-62B9B6C9B944}.Debug|Any CPU.Build.0 = Debug|Any CPU
		{516B9801-1760-4BCC-BB9F-62B9B6C9B944}.Release|Any CPU.ActiveCfg = Release|Any CPU
		{516B9801-1760-4BCC-BB9F-62B9B6C9B944}.Release|Any CPU.Build.0 = Release|Any CPU
		{2231AFB0-BE69-49B4-9658-35E89EFCC43E}.Debug|Any CPU.ActiveCfg = Debug|Any CPU
		{2231AFB0-BE69-49B4-9658-35E89EFCC43E}.Debug|Any CPU.Build.0 = Debug|Any CPU
		{2231AFB0-BE69-49B4-9658-35E89EFCC43E}.Release|Any CPU.ActiveCfg = Release|Any CPU
		{2231AFB0-BE69-49B4-9658-35E89EFCC43E}.Release|Any CPU.Build.0 = Release|Any CPU
		{A238881C-A93B-4A75-9C56-610CB6E0193D}.Debug|Any CPU.ActiveCfg = Debug|Any CPU
		{A238881C-A93B-4A75-9C56-610CB6E0193D}.Debug|Any CPU.Build.0 = Debug|Any CPU
		{A238881C-A93B-4A75-9C56-610CB6E0193D}.Release|Any CPU.ActiveCfg = Release|Any CPU
		{A238881C-A93B-4A75-9C56-610CB6E0193D}.Release|Any CPU.Build.0 = Release|Any CPU
		{1A53AAB1-4C09-45DC-BFDF-C37CE820E2AE}.Debug|Any CPU.ActiveCfg = Debug|Any CPU
		{1A53AAB1-4C09-45DC-BFDF-C37CE820E2AE}.Debug|Any CPU.Build.0 = Debug|Any CPU
		{1A53AAB1-4C09-45DC-BFDF-C37CE820E2AE}.Release|Any CPU.ActiveCfg = Release|Any CPU
		{1A53AAB1-4C09-45DC-BFDF-C37CE820E2AE}.Release|Any CPU.Build.0 = Release|Any CPU
		{83A711DD-00DE-49A0-B082-5606D0F18401}.Debug|Any CPU.ActiveCfg = Debug|Any CPU
		{83A711DD-00DE-49A0-B082-5606D0F18401}.Debug|Any CPU.Build.0 = Debug|Any CPU
		{83A711DD-00DE-49A0-B082-5606D0F18401}.Release|Any CPU.ActiveCfg = Release|Any CPU
		{83A711DD-00DE-49A0-B082-5606D0F18401}.Release|Any CPU.Build.0 = Release|Any CPU
		{0DDF3758-AE81-4AE2-93D1-1FD095C4EBA6}.Debug|Any CPU.ActiveCfg = Debug|Any CPU
		{0DDF3758-AE81-4AE2-93D1-1FD095C4EBA6}.Debug|Any CPU.Build.0 = Debug|Any CPU
		{0DDF3758-AE81-4AE2-93D1-1FD095C4EBA6}.Release|Any CPU.ActiveCfg = Release|Any CPU
		{0DDF3758-AE81-4AE2-93D1-1FD095C4EBA6}.Release|Any CPU.Build.0 = Release|Any CPU
		{FF89019E-B4EF-4D52-9823-DD6AAC763F57}.Debug|Any CPU.ActiveCfg = Debug|Any CPU
		{FF89019E-B4EF-4D52-9823-DD6AAC763F57}.Debug|Any CPU.Build.0 = Debug|Any CPU
		{FF89019E-B4EF-4D52-9823-DD6AAC763F57}.Release|Any CPU.ActiveCfg = Release|Any CPU
		{FF89019E-B4EF-4D52-9823-DD6AAC763F57}.Release|Any CPU.Build.0 = Release|Any CPU
		{44D37750-975E-48B7-BE3F-2A6D77727672}.Debug|Any CPU.ActiveCfg = Debug|Any CPU
		{44D37750-975E-48B7-BE3F-2A6D77727672}.Debug|Any CPU.Build.0 = Debug|Any CPU
		{44D37750-975E-48B7-BE3F-2A6D77727672}.Release|Any CPU.ActiveCfg = Release|Any CPU
		{44D37750-975E-48B7-BE3F-2A6D77727672}.Release|Any CPU.Build.0 = Release|Any CPU
		{74B265CF-D2C8-4BB9-9A86-C36961D67088}.Debug|Any CPU.ActiveCfg = Debug|Any CPU
		{74B265CF-D2C8-4BB9-9A86-C36961D67088}.Debug|Any CPU.Build.0 = Debug|Any CPU
		{74B265CF-D2C8-4BB9-9A86-C36961D67088}.Release|Any CPU.ActiveCfg = Release|Any CPU
		{74B265CF-D2C8-4BB9-9A86-C36961D67088}.Release|Any CPU.Build.0 = Release|Any CPU
	EndGlobalSection
	GlobalSection(SolutionProperties) = preSolution
		HideSolutionNode = FALSE
	EndGlobalSection
	GlobalSection(NestedProjects) = preSolution
		{8E67C2F1-7A5D-42AB-BEF1-3D35E43AA709} = {70DC5975-CB14-4A13-AA81-D5F78DB5C43A}
		{503D6734-A96B-490A-BA4D-2D0A3C1D6CF2} = {CB55413A-91F5-4FD3-9E54-1EF510CECB57}
		{E657489A-5B39-405A-B446-049134466E8F} = {3FD1C091-53E9-4B68-B7F8-AC1A6978FCBA}
		{D7070A2D-6E10-49AB-9CCE-F020573BC576} = {3FD1C091-53E9-4B68-B7F8-AC1A6978FCBA}
		{70DC5975-CB14-4A13-AA81-D5F78DB5C43A} = {21A16CB6-DE79-4A79-93F0-FF2BE42030ED}
		{3FD1C091-53E9-4B68-B7F8-AC1A6978FCBA} = {21A16CB6-DE79-4A79-93F0-FF2BE42030ED}
		{CB55413A-91F5-4FD3-9E54-1EF510CECB57} = {21A16CB6-DE79-4A79-93F0-FF2BE42030ED}
		{FF89C0E7-07D2-45B8-B080-0F279A4BCC4A} = {5DFB2E10-62B2-4295-8FAE-C62D7808B1F3}
		{516B9801-1760-4BCC-BB9F-62B9B6C9B944} = {CFC3495E-E24A-4BD8-9828-F5BC0B6D3453}
		{2231AFB0-BE69-49B4-9658-35E89EFCC43E} = {CFC3495E-E24A-4BD8-9828-F5BC0B6D3453}
		{F83AB5FC-62B2-45CD-95C5-A9A462121071} = {5DFB2E10-62B2-4295-8FAE-C62D7808B1F3}
		{C9F2152A-37F9-487F-B397-3E4F193E6BF9} = {5DFB2E10-62B2-4295-8FAE-C62D7808B1F3}
		{A238881C-A93B-4A75-9C56-610CB6E0193D} = {CFC3495E-E24A-4BD8-9828-F5BC0B6D3453}
		{1A53AAB1-4C09-45DC-BFDF-C37CE820E2AE} = {CFC3495E-E24A-4BD8-9828-F5BC0B6D3453}
		{83A711DD-00DE-49A0-B082-5606D0F18401} = {CFC3495E-E24A-4BD8-9828-F5BC0B6D3453}
		{0DDF3758-AE81-4AE2-93D1-1FD095C4EBA6} = {0B1A502C-1762-4A66-B294-47C72C2FB4CF}
		{FF89019E-B4EF-4D52-9823-DD6AAC763F57} = {0B1A502C-1762-4A66-B294-47C72C2FB4CF}
		{44D37750-975E-48B7-BE3F-2A6D77727672} = {C9F2152A-37F9-487F-B397-3E4F193E6BF9}
		{74B265CF-D2C8-4BB9-9A86-C36961D67088} = {C9F2152A-37F9-487F-B397-3E4F193E6BF9}
		{0B1A502C-1762-4A66-B294-47C72C2FB4CF} = {FF89C0E7-07D2-45B8-B080-0F279A4BCC4A}
		{CFC3495E-E24A-4BD8-9828-F5BC0B6D3453} = {FF89C0E7-07D2-45B8-B080-0F279A4BCC4A}
	EndGlobalSection
	GlobalSection(ExtensibilityGlobals) = postSolution
		SolutionGuid = {D8D5BCFC-7BA0-40B1-8530-760C13856F95}
	EndGlobalSection
EndGlobal
